
Microsoft Visual Studio Solution File, Format Version 12.00
# Visual Studio Version 17
VisualStudioVersion = 17.11.35208.52
MinimumVisualStudioVersion = 10.0.40219.1
Project("{FAE04EC0-301F-11D3-BF4B-00C04F79EFBC}") = "Week2-T16", "Week2-T16\Week2-T16.csproj", "{BAA416C5-1F9C-4ED7-A394-52B04E7CA6B1}"
EndProject
Global
	GlobalSection(SolutionConfigurationPlatforms) = preSolution
		Debug|Any CPU = Debug|Any CPU
		Release|Any CPU = Release|Any CPU
	EndGlobalSection
	GlobalSection(ProjectConfigurationPlatforms) = postSolution
		{BAA416C5-1F9C-4ED7-A394-52B04E7CA6B1}.Debug|Any CPU.ActiveCfg = Debug|Any CPU
		{BAA416C5-1F9C-4ED7-A394-52B04E7CA6B1}.Debug|Any CPU.Build.0 = Debug|Any CPU
		{BAA416C5-1F9C-4ED7-A394-52B04E7CA6B1}.Release|Any CPU.ActiveCfg = Release|Any CPU
		{BAA416C5-1F9C-4ED7-A394-52B04E7CA6B1}.Release|Any CPU.Build.0 = Release|Any CPU
	EndGlobalSection
	GlobalSection(SolutionProperties) = preSolution
		HideSolutionNode = FALSE
	EndGlobalSection
	GlobalSection(ExtensibilityGlobals) = postSolution
		SolutionGuid = {22F2B2A4-4E80-48FC-A7EF-494245F28722}
	EndGlobalSection
EndGlobal
